github.com/google/go-cmp v0.5.1 h1:JFrFEBb2xKufg6XkJsJr+WbKb4FQlURi5RUcBveYu9k=
github.com/google/go-cmp v0.5.1/go.mod h1:v8dTdLbMG2kIc/vJvl+f65V22dbkXbowE6jgT/gNBxE=
golang.org/x/xerrors v0.0.0-20191204190536-9bdfabe68543/go.mod h1:I/5z698sn9Ka8TeJc9MKroUUfqBBauWjQqLJ2OPfmY0=
gopl.io v0.0.0-20200323155855-65c318dde95e h1:Z2obUjDpRealS0n+wq0nZ0tAyl+vY1txRLsZ/EY7XNM=
gopl.io v0.0.0-20200323155855-65c318dde95e/go.mod h1:k9MBtwj/WjioNgt7Buity/chxOPmJqkZ5bEaeT4JVm4=
